Microsoft Visual Studio Solution File, Format Version 12.00
# Visual Studio Version 17
VisualStudioVersion = 17.5.2.0
MinimumVisualStudioVersion = 10.0.40219.1
Project("{FAE04EC0-301F-11D3-BF4B-00C04F79EFBC}") = "IntentSearchApp", "IntentSearchApp.csproj", "{52DE3051-FB4F-68FF-606E-A137B635B823}"
EndProject
Global
	GlobalSection(SolutionConfigurationPlatforms) = preSolution
		Debug|Any CPU = Debug|Any CPU
		Release|Any CPU = Release|Any CPU
	EndGlobalSection
	GlobalSection(ProjectConfigurationPlatforms) = postSolution
		{52DE3051-FB4F-68FF-606E-A137B635B823}.Debug|Any CPU.ActiveCfg = Debug|Any CPU
		{52DE3051-FB4F-68FF-606E-A137B635B823}.Debug|Any CPU.Build.0 = Debug|Any CPU
		{52DE3051-FB4F-68FF-606E-A137B635B823}.Release|Any CPU.ActiveCfg = Release|Any CPU
		{52DE3051-FB4F-68FF-606E-A137B635B823}.Release|Any CPU.Build.0 = Release|Any CPU
	EndGlobalSection
	GlobalSection(SolutionProperties) = preSolution
		HideSolutionNode = FALSE
	EndGlobalSection
	GlobalSection(ExtensibilityGlobals) = postSolution
		SolutionGuid = {5DF8D338-2561-4DB8-BABA-EDF529F7CA34}
	EndGlobalSection
EndGlobal
